# This file is automatically @generated by Poetry 2.1.4 and should not be changed by hand.

[[package]]
name = "checkpipe"
version = "1.0.22"
description = "Brings functional programming data pipelines with robust validation to python and mypy"
optional = false
python-versions = ">=3.8"
groups = ["main"]
files = [
    {file = "checkpipe-1.0.22-py3-none-any.whl", hash = "sha256:2da857303cf6bd9174b44af66dfba67b26695332dc79d5d13e8f460f26e4cb7a"},
    {file = "checkpipe-1.0.22.tar.gz", hash = "sha256:b863a63965317761892bf16ef981c82dd781e1c1425bebe709632b0d73b74b03"},
]

[package.dependencies]
result = "*"

[[package]]
name = "pydbml"
version = "1.2.0"
description = "Python parser and builder for DBML"
optional = false
python-versions = ">=3.8"
groups = ["main"]
files = [
    {file = "pydbml-1.2.0-py3-none-any.whl", hash = "sha256:dc663786647c97bbb6ef61f7a5becd5e7bb304770bb3e2e01d3f43748d33064f"},
    {file = "pydbml-1.2.0.tar.gz", hash = "sha256:c4fdb602f62b42e2b28674ea45e72f3d0e88bc6d186ea3a683685c41662ece14"},
]

[package.dependencies]
pyparsing = ">=3.0.0"

[[package]]
name = "pyparsing"
version = "3.1.4"
description = "pyparsing module - Classes and methods to define and execute parsing grammars"
optional = false
python-versions = ">=3.6.8"
groups = ["main"]
files = [
    {file = "pyparsing-3.1.4-py3-none-any.whl", hash = "sha256:a6a7ee4235a3f944aa1fa2249307708f893fe5717dc603503c6c7969c070fb7c"},
    {file = "pyparsing-3.1.4.tar.gz", hash = "sha256:f86ec8d1a83f11977c9a6ea7598e8c27fc5cddfa5b07ea2241edbbde1d7bc032"},
]

[package.extras]
diagrams = ["jinja2", "railroad-diagrams"]

[[package]]
name = "result"
version = "0.17.0"
description = "A Rust-like result type for Python"
optional = false
python-versions = ">=3.8"
groups = ["main"]
files = [
    {file = "result-0.17.0-py3-none-any.whl", hash = "sha256:49fd668b4951ad15800b8ccefd98b6b94effc789607e19c65064b775570933e8"},
    {file = "result-0.17.0.tar.gz", hash = "sha256:b73da420c0cb1a3bf741dbd41ff96dedafaad6a1b3ef437a9e33e380bb0d91cf"},
]

[package.dependencies]
typing-extensions = {version = "*", markers = "python_version < \"3.10\""}

[[package]]
name = "typing-extensions"
version = "4.13.2"
description = "Backported and Experimental Type Hints for Python 3.8+"
optional = false
python-versions = ">=3.8"
groups = ["main"]
markers = "python_version < \"3.10\""
files = [
    {file = "typing_extensions-4.13.2-py3-none-any.whl", hash = "sha256:a439e7c04b49fec3e5d3e2beaa21755cadbbdc391694e28ccdd36ca4a1408f8c"},
    {file = "typing_extensions-4.13.2.tar.gz", hash = "sha256:e6c81219bd689f51865d9e372991c540bda33a0379d5573cddb9a3a23f7caaef"},
]

[metadata]
lock-version = "2.1"
python-versions = ">=3.8"
content-hash = "f2b30b86699d735ee073fb90f8ffca67f5a324d2174cf4af77cc5e36de47fec2"
